
Microsoft Visual Studio Solution File, Format Version 12.00
# Visual Studio Version 17
VisualStudioVersion = 17.7.34024.191
MinimumVisualStudioVersion = 10.0.40219.1
Project("{FAE04EC0-301F-11D3-BF4B-00C04F79EFBC}") = "Login.Android", "Login\Login.Android\Login.Android.csproj", "{BC9051CA-1E45-43A6-8195-436D7F8F03CF}"
EndProject
Project("{FAE04EC0-301F-11D3-BF4B-00C04F79EFBC}") = "Login.iOS", "Login\Login.iOS\Login.iOS.csproj", "{4D5C0D13-23A3-4806-8848-BD7F71F81E93}"
EndProject
Project("{FAE04EC0-301F-11D3-BF4B-00C04F79EFBC}") = "Login", "Login\Login\Login.csproj", "{4945F8C8-6510-4535-BE11-48E45105BF35}"
EndProject
Global
	GlobalSection(SolutionConfigurationPlatforms) = preSolution
		Debug|Any CPU = Debug|Any CPU
		Debug|iPhone = Debug|iPhone
		Debug|iPhoneSimulator = Debug|iPhoneSimulator
		Release|Any CPU = Release|Any CPU
		Release|iPhone = Release|iPhone
		Release|iPhoneSimulator = Release|iPhoneSimulator
	EndGlobalSection
	GlobalSection(ProjectConfigurationPlatforms) = postSolution
		{BC9051CA-1E45-43A6-8195-436D7F8F03CF}.Debug|Any CPU.ActiveCfg = Debug|Any CPU
		{BC9051CA-1E45-43A6-8195-436D7F8F03CF}.Debug|Any CPU.Build.0 = Debug|Any CPU
		{BC9051CA-1E45-43A6-8195-436D7F8F03CF}.Debug|Any CPU.Deploy.0 = Debug|Any CPU
		{BC9051CA-1E45-43A6-8195-436D7F8F03CF}.Debug|iPhone.ActiveCfg = Debug|Any CPU
		{BC9051CA-1E45-43A6-8195-436D7F8F03CF}.Debug|iPhone.Build.0 = Debug|Any CPU
		{BC9051CA-1E45-43A6-8195-436D7F8F03CF}.Debug|iPhone.Deploy.0 = Debug|Any CPU
		{BC9051CA-1E45-43A6-8195-436D7F8F03CF}.Debug|iPhoneSimulator.ActiveCfg = Debug|Any CPU
		{BC9051CA-1E45-43A6-8195-436D7F8F03CF}.Debug|iPhoneSimulator.Build.0 = Debug|Any CPU
		{BC9051CA-1E45-43A6-8195-436D7F8F03CF}.Debug|iPhoneSimulator.Deploy.0 = Debug|Any CPU
		{BC9051CA-1E45-43A6-8195-436D7F8F03CF}.Release|Any CPU.ActiveCfg = Release|Any CPU
		{BC9051CA-1E45-43A6-8195-436D7F8F03CF}.Release|Any CPU.Build.0 = Release|Any CPU
		{BC9051CA-1E45-43A6-8195-436D7F8F03CF}.Release|Any CPU.Deploy.0 = Release|Any CPU
		{BC9051CA-1E45-43A6-8195-436D7F8F03CF}.Release|iPhone.ActiveCfg = Release|Any CPU
		{BC9051CA-1E45-43A6-8195-436D7F8F03CF}.Release|iPhone.Build.0 = Release|Any CPU
		{BC9051CA-1E45-43A6-8195-436D7F8F03CF}.Release|iPhone.Deploy.0 = Release|Any CPU
		{BC9051CA-1E45-43A6-8195-436D7F8F03CF}.Release|iPhoneSimulator.ActiveCfg = Release|Any CPU
		{BC9051CA-1E45-43A6-8195-436D7F8F03CF}.Release|iPhoneSimulator.Build.0 = Release|Any CPU
		{BC9051CA-1E45-43A6-8195-436D7F8F03CF}.Release|iPhoneSimulator.Deploy.0 = Release|Any CPU
		{4D5C0D13-23A3-4806-8848-BD7F71F81E93}.Debug|Any CPU.ActiveCfg = Debug|iPhone
		{4D5C0D13-23A3-4806-8848-BD7F71F81E93}.Debug|Any CPU.Build.0 = Debug|iPhone
		{4D5C0D13-23A3-4806-8848-BD7F71F81E93}.Debug|Any CPU.Deploy.0 = Debug|iPhone
		{4D5C0D13-23A3-4806-8848-BD7F71F81E93}.Debug|iPhone.ActiveCfg = Debug|iPhone
		{4D5C0D13-23A3-4806-8848-BD7F71F81E93}.Debug|iPhone.Build.0 = Debug|iPhone
		{4D5C0D13-23A3-4806-8848-BD7F71F81E93}.Debug|iPhone.Deploy.0 = Debug|iPhone
		{4D5C0D13-23A3-4806-8848-BD7F71F81E93}.Debug|iPhoneSimulator.ActiveCfg = Debug|iPhoneSimulator
		{4D5C0D13-23A3-4806-8848-BD7F71F81E93}.Debug|iPhoneSimulator.Build.0 = Debug|iPhoneSimulator
		{4D5C0D13-23A3-4806-8848-BD7F71F81E93}.Debug|iPhoneSimulator.Deploy.0 = Debug|iPhoneSimulator
		{4D5C0D13-23A3-4806-8848-BD7F71F81E93}.Release|Any CPU.ActiveCfg = Release|iPhoneSimulator
		{4D5C0D13-23A3-4806-8848-BD7F71F81E93}.Release|Any CPU.Build.0 = Release|iPhoneSimulator
		{4D5C0D13-23A3-4806-8848-BD7F71F81E93}.Release|Any CPU.Deploy.0 = Release|iPhoneSimulator
		{4D5C0D13-23A3-4806-8848-BD7F71F81E93}.Release|iPhone.ActiveCfg = Release|iPhone
		{4D5C0D13-23A3-4806-8848-BD7F71F81E93}.Release|iPhone.Build.0 = Release|iPhone
		{4D5C0D13-23A3-4806-8848-BD7F71F81E93}.Release|iPhone.Deploy.0 = Release|iPhone
		{4D5C0D13-23A3-4806-8848-BD7F71F81E93}.Release|iPhoneSimulator.ActiveCfg = Release|iPhoneSimulator
		{4D5C0D13-23A3-4806-8848-BD7F71F81E93}.Release|iPhoneSimulator.Build.0 = Release|iPhoneSimulator
		{4D5C0D13-23A3-4806-8848-BD7F71F81E93}.Release|iPhoneSimulator.Deploy.0 = Release|iPhoneSimulator
		{4945F8C8-6510-4535-BE11-48E45105BF35}.Debug|Any CPU.ActiveCfg = Debug|Any CPU
		{4945F8C8-6510-4535-BE11-48E45105BF35}.Debug|Any CPU.Build.0 = Debug|Any CPU
		{4945F8C8-6510-4535-BE11-48E45105BF35}.Debug|Any CPU.Deploy.0 = Debug|Any CPU
		{4945F8C8-6510-4535-BE11-48E45105BF35}.Debug|iPhone.ActiveCfg = Debug|Any CPU
		{4945F8C8-6510-4535-BE11-48E45105BF35}.Debug|iPhone.Build.0 = Debug|Any CPU
		{4945F8C8-6510-4535-BE11-48E45105BF35}.Debug|iPhone.Deploy.0 = Debug|Any CPU
		{4945F8C8-6510-4535-BE11-48E45105BF35}.Debug|iPhoneSimulator.ActiveCfg = Debug|Any CPU
		{4945F8C8-6510-4535-BE11-48E45105BF35}.Debug|iPhoneSimulator.Build.0 = Debug|Any CPU
		{4945F8C8-6510-4535-BE11-48E45105BF35}.Debug|iPhoneSimulator.Deploy.0 = Debug|Any CPU
		{4945F8C8-6510-4535-BE11-48E45105BF35}.Release|Any CPU.ActiveCfg = Release|Any CPU
		{4945F8C8-6510-4535-BE11-48E45105BF35}.Release|Any CPU.Build.0 = Release|Any CPU
		{4945F8C8-6510-4535-BE11-48E45105BF35}.Release|Any CPU.Deploy.0 = Release|Any CPU
		{4945F8C8-6510-4535-BE11-48E45105BF35}.Release|iPhone.ActiveCfg = Release|Any CPU
		{4945F8C8-6510-4535-BE11-48E45105BF35}.Release|iPhone.Build.0 = Release|Any CPU
		{4945F8C8-6510-4535-BE11-48E45105BF35}.Release|iPhone.Deploy.0 = Release|Any CPU
		{4945F8C8-6510-4535-BE11-48E45105BF35}.Release|iPhoneSimulator.ActiveCfg = Release|Any CPU
		{4945F8C8-6510-4535-BE11-48E45105BF35}.Release|iPhoneSimulator.Build.0 = Release|Any CPU
		{4945F8C8-6510-4535-BE11-48E45105BF35}.Release|iPhoneSimulator.Deploy.0 = Release|Any CPU
	EndGlobalSection
	GlobalSection(SolutionProperties) = preSolution
		HideSolutionNode = FALSE
	EndGlobalSection
	GlobalSection(ExtensibilityGlobals) = postSolution
		SolutionGuid = {66A880A5-59FF-44BB-930B-EE71BFED5ADE}
	EndGlobalSection
EndGlobal
